
Microsoft Visual Studio Solution File, Format Version 12.00
# Visual Studio Version 17
VisualStudioVersion = 17.0.31903.59
MinimumVisualStudioVersion = 10.0.40219.1
Project("{FAE04EC0-301F-11D3-BF4B-00C04F79EFBC}") = "Domain", "Domain\Domain.csproj", "{649FFA97-8DEA-480E-A937-5B8DDBCDC20E}"
EndProject
Project("{FAE04EC0-301F-11D3-BF4B-00C04F79EFBC}") = "Application", "Application\Application.csproj", "{BAA1D88D-BE69-4DC2-BC4F-8B9B8053BC59}"
EndProject
Project("{FAE04EC0-301F-11D3-BF4B-00C04F79EFBC}") = "Infrastructure", "Infrastructure\Infrastructure.csproj", "{EFD321E5-3781-4E2A-AD99-E3A88A1431C0}"
EndProject
Project("{FAE04EC0-301F-11D3-BF4B-00C04F79EFBC}") = "BranchOfficeMS", "BranchOfficeMS\BranchOfficeMS.csproj", "{B72CDD5A-E494-4EC4-9907-0CCD889EAB8B}"
EndProject
Global
	GlobalSection(SolutionConfigurationPlatforms) = preSolution
		Debug|Any CPU = Debug|Any CPU
		Debug|x64 = Debug|x64
		Debug|x86 = Debug|x86
		Release|Any CPU = Release|Any CPU
		Release|x64 = Release|x64
		Release|x86 = Release|x86
	EndGlobalSection
	GlobalSection(ProjectConfigurationPlatforms) = postSolution
		{649FFA97-8DEA-480E-A937-5B8DDBCDC20E}.Debug|Any CPU.ActiveCfg = Debug|Any CPU
		{649FFA97-8DEA-480E-A937-5B8DDBCDC20E}.Debug|Any CPU.Build.0 = Debug|Any CPU
		{649FFA97-8DEA-480E-A937-5B8DDBCDC20E}.Debug|x64.ActiveCfg = Debug|Any CPU
		{649FFA97-8DEA-480E-A937-5B8DDBCDC20E}.Debug|x64.Build.0 = Debug|Any CPU
		{649FFA97-8DEA-480E-A937-5B8DDBCDC20E}.Debug|x86.ActiveCfg = Debug|Any CPU
		{649FFA97-8DEA-480E-A937-5B8DDBCDC20E}.Debug|x86.Build.0 = Debug|Any CPU
		{649FFA97-8DEA-480E-A937-5B8DDBCDC20E}.Release|Any CPU.ActiveCfg = Release|Any CPU
		{649FFA97-8DEA-480E-A937-5B8DDBCDC20E}.Release|Any CPU.Build.0 = Release|Any CPU
		{649FFA97-8DEA-480E-A937-5B8DDBCDC20E}.Release|x64.ActiveCfg = Release|Any CPU
		{649FFA97-8DEA-480E-A937-5B8DDBCDC20E}.Release|x64.Build.0 = Release|Any CPU
		{649FFA97-8DEA-480E-A937-5B8DDBCDC20E}.Release|x86.ActiveCfg = Release|Any CPU
		{649FFA97-8DEA-480E-A937-5B8DDBCDC20E}.Release|x86.Build.0 = Release|Any CPU
		{BAA1D88D-BE69-4DC2-BC4F-8B9B8053BC59}.Debug|Any CPU.ActiveCfg = Debug|Any CPU
		{BAA1D88D-BE69-4DC2-BC4F-8B9B8053BC59}.Debug|Any CPU.Build.0 = Debug|Any CPU
		{BAA1D88D-BE69-4DC2-BC4F-8B9B8053BC59}.Debug|x64.ActiveCfg = Debug|Any CPU
		{BAA1D88D-BE69-4DC2-BC4F-8B9B8053BC59}.Debug|x64.Build.0 = Debug|Any CPU
		{BAA1D88D-BE69-4DC2-BC4F-8B9B8053BC59}.Debug|x86.ActiveCfg = Debug|Any CPU
		{BAA1D88D-BE69-4DC2-BC4F-8B9B8053BC59}.Debug|x86.Build.0 = Debug|Any CPU
		{BAA1D88D-BE69-4DC2-BC4F-8B9B8053BC59}.Release|Any CPU.ActiveCfg = Release|Any CPU
		{BAA1D88D-BE69-4DC2-BC4F-8B9B8053BC59}.Release|Any CPU.Build.0 = Release|Any CPU
		{BAA1D88D-BE69-4DC2-BC4F-8B9B8053BC59}.Release|x64.ActiveCfg = Release|Any CPU
		{BAA1D88D-BE69-4DC2-BC4F-8B9B8053BC59}.Release|x64.Build.0 = Release|Any CPU
		{BAA1D88D-BE69-4DC2-BC4F-8B9B8053BC59}.Release|x86.ActiveCfg = Release|Any CPU
		{BAA1D88D-BE69-4DC2-BC4F-8B9B8053BC59}.Release|x86.Build.0 = Release|Any CPU
		{EFD321E5-3781-4E2A-AD99-E3A88A1431C0}.Debug|Any CPU.ActiveCfg = Debug|Any CPU
		{EFD321E5-3781-4E2A-AD99-E3A88A1431C0}.Debug|Any CPU.Build.0 = Debug|Any CPU
		{EFD321E5-3781-4E2A-AD99-E3A88A1431C0}.Debug|x64.ActiveCfg = Debug|Any CPU
		{EFD321E5-3781-4E2A-AD99-E3A88A1431C0}.Debug|x64.Build.0 = Debug|Any CPU
		{EFD321E5-3781-4E2A-AD99-E3A88A1431C0}.Debug|x86.ActiveCfg = Debug|Any CPU
		{EFD321E5-3781-4E2A-AD99-E3A88A1431C0}.Debug|x86.Build.0 = Debug|Any CPU
		{EFD321E5-3781-4E2A-AD99-E3A88A1431C0}.Release|Any CPU.ActiveCfg = Release|Any CPU
		{EFD321E5-3781-4E2A-AD99-E3A88A1431C0}.Release|Any CPU.Build.0 = Release|Any CPU
		{EFD321E5-3781-4E2A-AD99-E3A88A1431C0}.Release|x64.ActiveCfg = Release|Any CPU
		{EFD321E5-3781-4E2A-AD99-E3A88A1431C0}.Release|x64.Build.0 = Release|Any CPU
		{EFD321E5-3781-4E2A-AD99-E3A88A1431C0}.Release|x86.ActiveCfg = Release|Any CPU
		{EFD321E5-3781-4E2A-AD99-E3A88A1431C0}.Release|x86.Build.0 = Release|Any CPU
		{B72CDD5A-E494-4EC4-9907-0CCD889EAB8B}.Debug|Any CPU.ActiveCfg = Debug|Any CPU
		{B72CDD5A-E494-4EC4-9907-0CCD889EAB8B}.Debug|Any CPU.Build.0 = Debug|Any CPU
		{B72CDD5A-E494-4EC4-9907-0CCD889EAB8B}.Debug|x64.ActiveCfg = Debug|Any CPU
		{B72CDD5A-E494-4EC4-9907-0CCD889EAB8B}.Debug|x64.Build.0 = Debug|Any CPU
		{B72CDD5A-E494-4EC4-9907-0CCD889EAB8B}.Debug|x86.ActiveCfg = Debug|Any CPU
		{B72CDD5A-E494-4EC4-9907-0CCD889EAB8B}.Debug|x86.Build.0 = Debug|Any CPU
		{B72CDD5A-E494-4EC4-9907-0CCD889EAB8B}.Release|Any CPU.ActiveCfg = Release|Any CPU
		{B72CDD5A-E494-4EC4-9907-0CCD889EAB8B}.Release|Any CPU.Build.0 = Release|Any CPU
		{B72CDD5A-E494-4EC4-9907-0CCD889EAB8B}.Release|x64.ActiveCfg = Release|Any CPU
		{B72CDD5A-E494-4EC4-9907-0CCD889EAB8B}.Release|x64.Build.0 = Release|Any CPU
		{B72CDD5A-E494-4EC4-9907-0CCD889EAB8B}.Release|x86.ActiveCfg = Release|Any CPU
		{B72CDD5A-E494-4EC4-9907-0CCD889EAB8B}.Release|x86.Build.0 = Release|Any CPU
	EndGlobalSection
	GlobalSection(SolutionProperties) = preSolution
		HideSolutionNode = FALSE
	EndGlobalSection
EndGlobal
